
Microsoft Visual Studio Solution File, Format Version 12.00
# Visual Studio Version 17
VisualStudioVersion = 17.4.33110.190
MinimumVisualStudioVersion = 10.0.40219.1
Project("{FAE04EC0-301F-11D3-BF4B-00C04F79EFBC}") = "ProjectTank", "ProjectTank.csproj", "{7FBB5DA0-0187-4BF2-960F-6ABEB16695DE}"
EndProject
Global
	GlobalSection(SolutionConfigurationPlatforms) = preSolution
		Debug|Any CPU = Debug|Any CPU
		Release|Any CPU = Release|Any CPU
	EndGlobalSection
	GlobalSection(ProjectConfigurationPlatforms) = postSolution
		{7FBB5DA0-0187-4BF2-960F-6ABEB16695DE}.Debug|Any CPU.ActiveCfg = Debug|Any CPU
		{7FBB5DA0-0187-4BF2-960F-6ABEB16695DE}.Debug|Any CPU.Build.0 = Debug|Any CPU
		{7FBB5DA0-0187-4BF2-960F-6ABEB16695DE}.Release|Any CPU.ActiveCfg = Release|Any CPU
		{7FBB5DA0-0187-4BF2-960F-6ABEB16695DE}.Release|Any CPU.Build.0 = Release|Any CPU
	EndGlobalSection
	GlobalSection(SolutionProperties) = preSolution
		HideSolutionNode = FALSE
	EndGlobalSection
	GlobalSection(ExtensibilityGlobals) = postSolution
		SolutionGuid = {4BD94950-1EDB-4680-9DDF-B92E656518F3}
	EndGlobalSection
EndGlobal
